
Microsoft Visual Studio Solution File, Format Version 12.00
# Visual Studio Version 16
VisualStudioVersion = 16.0.29613.14
MinimumVisualStudioVersion = 10.0.40219.1
Project("{9A19103F-16F7-4668-BE54-9A1E7A4F7556}") = "Cnty.WebApi", "Cnty.WebApi\Cnty.WebApi.csproj", "{1FC1AB68-0275-4EE3-9415-372597317E74}"
EndProject
Project("{2150E333-8FDC-42A3-9474-1A3956D46DE8}") = "Cnty.Base", "Cnty.Base", "{6BF4F1C0-82BB-4E59-BE2D-96F7319DD7F7}"
EndProject
Project("{2150E333-8FDC-42A3-9474-1A3956D46DE8}") = "Cnty.Demo", "Cnty.Demo", "{2249ADEA-0482-4AB3-A088-CAB72EF708D6}"
EndProject
Project("{2150E333-8FDC-42A3-9474-1A3956D46DE8}") = "Cnty.Ke", "Cnty.Ke", "{8DF2C3E8-CE1F-48CA-B5DE-329B62564A60}"
EndProject
Project("{2150E333-8FDC-42A3-9474-1A3956D46DE8}") = "Cnty.Report", "Cnty.Report", "{A102DD95-E0BF-4667-B222-4E523507CB3F}"
EndProject
Project("{2150E333-8FDC-42A3-9474-1A3956D46DE8}") = "Cnty.KanBan", "Cnty.KanBan", "{84F30E4B-8504-4549-86B3-C1ECD3078962}"
EndProject
Project("{2150E333-8FDC-42A3-9474-1A3956D46DE8}") = "Cnty.Andon", "Cnty.Andon", "{E3AA23CE-88FC-486F-A346-70AC35B4C1A3}"
EndProject
Project("{2150E333-8FDC-42A3-9474-1A3956D46DE8}") = "Cnty.Agv", "Cnty.Agv", "{CCF6CBA7-CB8D-4051-AFE0-0DB789400965}"
EndProject
Project("{2150E333-8FDC-42A3-9474-1A3956D46DE8}") = "Cnty.Scada", "Cnty.Scada", "{FEA85714-22C6-42A2-B0B3-E1BA28BEAC62}"
EndProject
Project("{2150E333-8FDC-42A3-9474-1A3956D46DE8}") = "Cnty.Spc", "Cnty.Spc", "{67255E23-08A9-4920-ACD2-01CB781D2952}"
EndProject
Project("{9A19103F-16F7-4668-BE54-9A1E7A4F7556}") = "Cnty.Builder", "Cnty.Base\Cnty.Builder\Cnty.Builder.csproj", "{7EF607D8-F588-4512-BC83-5D19BF800E35}"
EndProject
Project("{9A19103F-16F7-4668-BE54-9A1E7A4F7556}") = "Cnty.Core", "Cnty.Base\Cnty.Core\Cnty.Core.csproj", "{6DE25B84-9F03-4D6D-9AE5-ADF92A7189F4}"
EndProject
Project("{9A19103F-16F7-4668-BE54-9A1E7A4F7556}") = "Cnty.Entity", "Cnty.Base\Cnty.Entity\Cnty.Entity.csproj", "{2B86C0E1-5674-4EBA-97C5-5CFE13FFAC2E}"
EndProject
Project("{9A19103F-16F7-4668-BE54-9A1E7A4F7556}") = "Cnty.System", "Cnty.Base\Cnty.System\Cnty.System.csproj", "{E1BB608A-0EF4-48BE-B757-A00B4F908DE0}"
EndProject
Project("{9A19103F-16F7-4668-BE54-9A1E7A4F7556}") = "Cnty.AppManager", "Cnty.Demo\Cnty.AppManager\Cnty.AppManager.csproj", "{3AE8D6CD-2367-40DD-9666-73DDF8C98A97}"
EndProject
Project("{9A19103F-16F7-4668-BE54-9A1E7A4F7556}") = "Cnty.Order", "Cnty.Demo\Cnty.Order\Cnty.Order.csproj", "{19D42A71-044F-423B-9B7F-7956CB0E505B}"
EndProject
Project("{9A19103F-16F7-4668-BE54-9A1E7A4F7556}") = "Cnty.Scada", "Cnty.Scada\Cnty.Scada\Cnty.Scada.csproj", "{89E5F0B7-5109-4079-877B-6EC872421205}"
EndProject
Project("{9A19103F-16F7-4668-BE54-9A1E7A4F7556}") = "Cnty.Agv", "Cnty.Agv\Cnty.Agv\Cnty.Agv.csproj", "{F0F3514F-17A5-4382-B659-41DE0A0E43E8}"
EndProject
Project("{9A19103F-16F7-4668-BE54-9A1E7A4F7556}") = "Cnty.Andon", "Cnty.Andon\Cnty.Andon\Cnty.Andon.csproj", "{1F090C0E-33FC-4E2F-9776-DBAC79962115}"
EndProject
Project("{9A19103F-16F7-4668-BE54-9A1E7A4F7556}") = "Cnty.KanBan", "Cnty.KanBan\Cnty.KanBan\Cnty.KanBan.csproj", "{B496FF6F-30E7-4F07-B82E-52AEE83E27C2}"
EndProject
Project("{9A19103F-16F7-4668-BE54-9A1E7A4F7556}") = "Cnty.Ke", "Cnty.Ke\Cnty.Ke\Cnty.Ke.csproj", "{27E51822-FA09-4381-B835-32A4CCF8C83C}"
EndProject
Project("{9A19103F-16F7-4668-BE54-9A1E7A4F7556}") = "Cnty.Report", "Cnty.Report\Cnty.Report\Cnty.Report.csproj", "{DDA479D7-0488-4A50-A837-E05C45B973FD}"
EndProject
Project("{9A19103F-16F7-4668-BE54-9A1E7A4F7556}") = "Cnty.Spc", "Cnty.Spc\Cnty.Spc\Cnty.Spc.csproj", "{6ADDF2BB-FC8A-44F8-A8AB-BF29216A50DD}"
EndProject
Project("{9A19103F-16F7-4668-BE54-9A1E7A4F7556}") = "Cnty_Scada_Collection", "Cnty.Scada\Cnty_Scada_Collection\Cnty_Scada_Collection.csproj", "{E55EFD37-74B5-493A-A03D-5066C20F2CD6}"
EndProject
Project("{9A19103F-16F7-4668-BE54-9A1E7A4F7556}") = "Cnty_QuartzNet_Demo", "Cnty.Demo\Cnty_QuartzNet_Demo\Cnty_QuartzNet_Demo.csproj", "{A76E7BB3-EBC7-43ED-A5EB-73C42D787BBD}"
EndProject
Project("{9A19103F-16F7-4668-BE54-9A1E7A4F7556}") = "Cnty.QuartzExtensions", "Cnty.Base\Cnty.QuartzExtensions\Cnty.QuartzExtensions.csproj", "{34B24CFA-AA38-4A26-BAE0-9529DF92FF13}"
EndProject
Project("{9A19103F-16F7-4668-BE54-9A1E7A4F7556}") = "Cnty.Framework.Extensions", "Cnty.Base\Cnty.Framework.Extensions\Cnty.Framework.Extensions.csproj", "{1EB92D70-B594-43DE-8E7D-8309C37A1E94}"
EndProject
Project("{9A19103F-16F7-4668-BE54-9A1E7A4F7556}") = "Cnty.Framework.Domain", "Cnty.Base\Cnty.Domain\Cnty.Framework.Domain.csproj", "{9CCDAF8E-52EF-4C30-8788-833507DB6938}"
EndProject
Project("{9A19103F-16F7-4668-BE54-9A1E7A4F7556}") = "Cnty.Framework.Extension", "Cnty.Base\Cnty.Framework.Extension\Cnty.Framework.Extension.csproj", "{95F7B9D8-92D8-4BDE-879A-6C8E068E9EC8}"
EndProject
Project("{9A19103F-16F7-4668-BE54-9A1E7A4F7556}") = "Cnty_Demo", "Cnty.Demo\Cnty_Demo\Cnty_Demo.csproj", "{01E43CB0-3899-4464-94B9-8C9BEF6EF5D2}"
EndProject
Project("{9A19103F-16F7-4668-BE54-9A1E7A4F7556}") = "Cnty_Task_Demo", "Cnty.Demo\Cnty_Task_Demo\Cnty_Task_Demo.csproj", "{9AF51E1C-9E12-4AAD-A91E-6740135B49D6}"
EndProject
Project("{2150E333-8FDC-42A3-9474-1A3956D46DE8}") = "Cnty.Rgm", "Cnty.Rgm", "{055F8B2E-2EE7-404E-BF08-3982A25B42DB}"
EndProject
Project("{9A19103F-16F7-4668-BE54-9A1E7A4F7556}") = "Cnty.Rgm", "Cnty.Rgm\Cnty.Rgm\Cnty.Rgm.csproj", "{2E3A98AA-CC8E-4714-99C3-681CCCA42687}"
EndProject
Global
	GlobalSection(SolutionConfigurationPlatforms) = preSolution
		Debug|Any CPU = Debug|Any CPU
		Release|Any CPU = Release|Any CPU
	EndGlobalSection
	GlobalSection(ProjectConfigurationPlatforms) = postSolution
		{1FC1AB68-0275-4EE3-9415-372597317E74}.Debug|Any CPU.ActiveCfg = Debug|Any CPU
		{1FC1AB68-0275-4EE3-9415-372597317E74}.Debug|Any CPU.Build.0 = Debug|Any CPU
		{1FC1AB68-0275-4EE3-9415-372597317E74}.Release|Any CPU.ActiveCfg = Release|Any CPU
		{1FC1AB68-0275-4EE3-9415-372597317E74}.Release|Any CPU.Build.0 = Release|Any CPU
		{7EF607D8-F588-4512-BC83-5D19BF800E35}.Debug|Any CPU.ActiveCfg = Debug|Any CPU
		{7EF607D8-F588-4512-BC83-5D19BF800E35}.Debug|Any CPU.Build.0 = Debug|Any CPU
		{7EF607D8-F588-4512-BC83-5D19BF800E35}.Release|Any CPU.ActiveCfg = Release|Any CPU
		{7EF607D8-F588-4512-BC83-5D19BF800E35}.Release|Any CPU.Build.0 = Release|Any CPU
		{6DE25B84-9F03-4D6D-9AE5-ADF92A7189F4}.Debug|Any CPU.ActiveCfg = Debug|Any CPU
		{6DE25B84-9F03-4D6D-9AE5-ADF92A7189F4}.Debug|Any CPU.Build.0 = Debug|Any CPU
		{6DE25B84-9F03-4D6D-9AE5-ADF92A7189F4}.Release|Any CPU.ActiveCfg = Release|Any CPU
		{6DE25B84-9F03-4D6D-9AE5-ADF92A7189F4}.Release|Any CPU.Build.0 = Release|Any CPU
		{2B86C0E1-5674-4EBA-97C5-5CFE13FFAC2E}.Debug|Any CPU.ActiveCfg = Debug|Any CPU
		{2B86C0E1-5674-4EBA-97C5-5CFE13FFAC2E}.Debug|Any CPU.Build.0 = Debug|Any CPU
		{2B86C0E1-5674-4EBA-97C5-5CFE13FFAC2E}.Release|Any CPU.ActiveCfg = Release|Any CPU
		{2B86C0E1-5674-4EBA-97C5-5CFE13FFAC2E}.Release|Any CPU.Build.0 = Release|Any CPU
		{E1BB608A-0EF4-48BE-B757-A00B4F908DE0}.Debug|Any CPU.ActiveCfg = Debug|Any CPU
		{E1BB608A-0EF4-48BE-B757-A00B4F908DE0}.Debug|Any CPU.Build.0 = Debug|Any CPU
		{E1BB608A-0EF4-48BE-B757-A00B4F908DE0}.Release|Any CPU.ActiveCfg = Release|Any CPU
		{E1BB608A-0EF4-48BE-B757-A00B4F908DE0}.Release|Any CPU.Build.0 = Release|Any CPU
		{3AE8D6CD-2367-40DD-9666-73DDF8C98A97}.Debug|Any CPU.ActiveCfg = Debug|Any CPU
		{3AE8D6CD-2367-40DD-9666-73DDF8C98A97}.Debug|Any CPU.Build.0 = Debug|Any CPU
		{3AE8D6CD-2367-40DD-9666-73DDF8C98A97}.Release|Any CPU.ActiveCfg = Release|Any CPU
		{3AE8D6CD-2367-40DD-9666-73DDF8C98A97}.Release|Any CPU.Build.0 = Release|Any CPU
		{19D42A71-044F-423B-9B7F-7956CB0E505B}.Debug|Any CPU.ActiveCfg = Debug|Any CPU
		{19D42A71-044F-423B-9B7F-7956CB0E505B}.Debug|Any CPU.Build.0 = Debug|Any CPU
		{19D42A71-044F-423B-9B7F-7956CB0E505B}.Release|Any CPU.ActiveCfg = Release|Any CPU
		{19D42A71-044F-423B-9B7F-7956CB0E505B}.Release|Any CPU.Build.0 = Release|Any CPU
		{89E5F0B7-5109-4079-877B-6EC872421205}.Debug|Any CPU.ActiveCfg = Debug|Any CPU
		{89E5F0B7-5109-4079-877B-6EC872421205}.Debug|Any CPU.Build.0 = Debug|Any CPU
		{89E5F0B7-5109-4079-877B-6EC872421205}.Release|Any CPU.ActiveCfg = Release|Any CPU
		{89E5F0B7-5109-4079-877B-6EC872421205}.Release|Any CPU.Build.0 = Release|Any CPU
		{F0F3514F-17A5-4382-B659-41DE0A0E43E8}.Debug|Any CPU.ActiveCfg = Debug|Any CPU
		{F0F3514F-17A5-4382-B659-41DE0A0E43E8}.Debug|Any CPU.Build.0 = Debug|Any CPU
		{F0F3514F-17A5-4382-B659-41DE0A0E43E8}.Release|Any CPU.ActiveCfg = Release|Any CPU
		{F0F3514F-17A5-4382-B659-41DE0A0E43E8}.Release|Any CPU.Build.0 = Release|Any CPU
		{1F090C0E-33FC-4E2F-9776-DBAC79962115}.Debug|Any CPU.ActiveCfg = Debug|Any CPU
		{1F090C0E-33FC-4E2F-9776-DBAC79962115}.Debug|Any CPU.Build.0 = Debug|Any CPU
		{1F090C0E-33FC-4E2F-9776-DBAC79962115}.Release|Any CPU.ActiveCfg = Release|Any CPU
		{1F090C0E-33FC-4E2F-9776-DBAC79962115}.Release|Any CPU.Build.0 = Release|Any CPU
		{B496FF6F-30E7-4F07-B82E-52AEE83E27C2}.Debug|Any CPU.ActiveCfg = Debug|Any CPU
		{B496FF6F-30E7-4F07-B82E-52AEE83E27C2}.Debug|Any CPU.Build.0 = Debug|Any CPU
		{B496FF6F-30E7-4F07-B82E-52AEE83E27C2}.Release|Any CPU.ActiveCfg = Release|Any CPU
		{B496FF6F-30E7-4F07-B82E-52AEE83E27C2}.Release|Any CPU.Build.0 = Release|Any CPU
		{27E51822-FA09-4381-B835-32A4CCF8C83C}.Debug|Any CPU.ActiveCfg = Debug|Any CPU
		{27E51822-FA09-4381-B835-32A4CCF8C83C}.Debug|Any CPU.Build.0 = Debug|Any CPU
		{27E51822-FA09-4381-B835-32A4CCF8C83C}.Release|Any CPU.ActiveCfg = Release|Any CPU
		{27E51822-FA09-4381-B835-32A4CCF8C83C}.Release|Any CPU.Build.0 = Release|Any CPU
		{DDA479D7-0488-4A50-A837-E05C45B973FD}.Debug|Any CPU.ActiveCfg = Debug|Any CPU
		{DDA479D7-0488-4A50-A837-E05C45B973FD}.Debug|Any CPU.Build.0 = Debug|Any CPU
		{DDA479D7-0488-4A50-A837-E05C45B973FD}.Release|Any CPU.ActiveCfg = Release|Any CPU
		{DDA479D7-0488-4A50-A837-E05C45B973FD}.Release|Any CPU.Build.0 = Release|Any CPU
		{6ADDF2BB-FC8A-44F8-A8AB-BF29216A50DD}.Debug|Any CPU.ActiveCfg = Debug|Any CPU
		{6ADDF2BB-FC8A-44F8-A8AB-BF29216A50DD}.Debug|Any CPU.Build.0 = Debug|Any CPU
		{6ADDF2BB-FC8A-44F8-A8AB-BF29216A50DD}.Release|Any CPU.ActiveCfg = Release|Any CPU
		{6ADDF2BB-FC8A-44F8-A8AB-BF29216A50DD}.Release|Any CPU.Build.0 = Release|Any CPU
		{E55EFD37-74B5-493A-A03D-5066C20F2CD6}.Debug|Any CPU.ActiveCfg = Debug|Any CPU
		{E55EFD37-74B5-493A-A03D-5066C20F2CD6}.Debug|Any CPU.Build.0 = Debug|Any CPU
		{E55EFD37-74B5-493A-A03D-5066C20F2CD6}.Release|Any CPU.ActiveCfg = Release|Any CPU
		{E55EFD37-74B5-493A-A03D-5066C20F2CD6}.Release|Any CPU.Build.0 = Release|Any CPU
		{A76E7BB3-EBC7-43ED-A5EB-73C42D787BBD}.Debug|Any CPU.ActiveCfg = Debug|Any CPU
		{A76E7BB3-EBC7-43ED-A5EB-73C42D787BBD}.Debug|Any CPU.Build.0 = Debug|Any CPU
		{A76E7BB3-EBC7-43ED-A5EB-73C42D787BBD}.Release|Any CPU.ActiveCfg = Release|Any CPU
		{A76E7BB3-EBC7-43ED-A5EB-73C42D787BBD}.Release|Any CPU.Build.0 = Release|Any CPU
		{34B24CFA-AA38-4A26-BAE0-9529DF92FF13}.Debug|Any CPU.ActiveCfg = Debug|Any CPU
		{34B24CFA-AA38-4A26-BAE0-9529DF92FF13}.Debug|Any CPU.Build.0 = Debug|Any CPU
		{34B24CFA-AA38-4A26-BAE0-9529DF92FF13}.Release|Any CPU.ActiveCfg = Release|Any CPU
		{34B24CFA-AA38-4A26-BAE0-9529DF92FF13}.Release|Any CPU.Build.0 = Release|Any CPU
		{1EB92D70-B594-43DE-8E7D-8309C37A1E94}.Debug|Any CPU.ActiveCfg = Debug|Any CPU
		{1EB92D70-B594-43DE-8E7D-8309C37A1E94}.Debug|Any CPU.Build.0 = Debug|Any CPU
		{1EB92D70-B594-43DE-8E7D-8309C37A1E94}.Release|Any CPU.ActiveCfg = Release|Any CPU
		{1EB92D70-B594-43DE-8E7D-8309C37A1E94}.Release|Any CPU.Build.0 = Release|Any CPU
		{9CCDAF8E-52EF-4C30-8788-833507DB6938}.Debug|Any CPU.ActiveCfg = Debug|Any CPU
		{9CCDAF8E-52EF-4C30-8788-833507DB6938}.Debug|Any CPU.Build.0 = Debug|Any CPU
		{9CCDAF8E-52EF-4C30-8788-833507DB6938}.Release|Any CPU.ActiveCfg = Release|Any CPU
		{9CCDAF8E-52EF-4C30-8788-833507DB6938}.Release|Any CPU.Build.0 = Release|Any CPU
		{95F7B9D8-92D8-4BDE-879A-6C8E068E9EC8}.Debug|Any CPU.ActiveCfg = Debug|Any CPU
		{95F7B9D8-92D8-4BDE-879A-6C8E068E9EC8}.Debug|Any CPU.Build.0 = Debug|Any CPU
		{95F7B9D8-92D8-4BDE-879A-6C8E068E9EC8}.Release|Any CPU.ActiveCfg = Release|Any CPU
		{95F7B9D8-92D8-4BDE-879A-6C8E068E9EC8}.Release|Any CPU.Build.0 = Release|Any CPU
		{01E43CB0-3899-4464-94B9-8C9BEF6EF5D2}.Debug|Any CPU.ActiveCfg = Debug|Any CPU
		{01E43CB0-3899-4464-94B9-8C9BEF6EF5D2}.Debug|Any CPU.Build.0 = Debug|Any CPU
		{01E43CB0-3899-4464-94B9-8C9BEF6EF5D2}.Release|Any CPU.ActiveCfg = Release|Any CPU
		{01E43CB0-3899-4464-94B9-8C9BEF6EF5D2}.Release|Any CPU.Build.0 = Release|Any CPU
		{9AF51E1C-9E12-4AAD-A91E-6740135B49D6}.Debug|Any CPU.ActiveCfg = Debug|Any CPU
		{9AF51E1C-9E12-4AAD-A91E-6740135B49D6}.Debug|Any CPU.Build.0 = Debug|Any CPU
		{9AF51E1C-9E12-4AAD-A91E-6740135B49D6}.Release|Any CPU.ActiveCfg = Release|Any CPU
		{9AF51E1C-9E12-4AAD-A91E-6740135B49D6}.Release|Any CPU.Build.0 = Release|Any CPU
		{2E3A98AA-CC8E-4714-99C3-681CCCA42687}.Debug|Any CPU.ActiveCfg = Debug|Any CPU
		{2E3A98AA-CC8E-4714-99C3-681CCCA42687}.Debug|Any CPU.Build.0 = Debug|Any CPU
		{2E3A98AA-CC8E-4714-99C3-681CCCA42687}.Release|Any CPU.ActiveCfg = Release|Any CPU
		{2E3A98AA-CC8E-4714-99C3-681CCCA42687}.Release|Any CPU.Build.0 = Release|Any CPU
	EndGlobalSection
	GlobalSection(SolutionProperties) = preSolution
		HideSolutionNode = FALSE
	EndGlobalSection
	GlobalSection(NestedProjects) = preSolution
		{7EF607D8-F588-4512-BC83-5D19BF800E35} = {6BF4F1C0-82BB-4E59-BE2D-96F7319DD7F7}
		{6DE25B84-9F03-4D6D-9AE5-ADF92A7189F4} = {6BF4F1C0-82BB-4E59-BE2D-96F7319DD7F7}
		{2B86C0E1-5674-4EBA-97C5-5CFE13FFAC2E} = {6BF4F1C0-82BB-4E59-BE2D-96F7319DD7F7}
		{E1BB608A-0EF4-48BE-B757-A00B4F908DE0} = {6BF4F1C0-82BB-4E59-BE2D-96F7319DD7F7}
		{3AE8D6CD-2367-40DD-9666-73DDF8C98A97} = {2249ADEA-0482-4AB3-A088-CAB72EF708D6}
		{19D42A71-044F-423B-9B7F-7956CB0E505B} = {2249ADEA-0482-4AB3-A088-CAB72EF708D6}
		{89E5F0B7-5109-4079-877B-6EC872421205} = {FEA85714-22C6-42A2-B0B3-E1BA28BEAC62}
		{F0F3514F-17A5-4382-B659-41DE0A0E43E8} = {CCF6CBA7-CB8D-4051-AFE0-0DB789400965}
		{1F090C0E-33FC-4E2F-9776-DBAC79962115} = {E3AA23CE-88FC-486F-A346-70AC35B4C1A3}
		{B496FF6F-30E7-4F07-B82E-52AEE83E27C2} = {84F30E4B-8504-4549-86B3-C1ECD3078962}
		{27E51822-FA09-4381-B835-32A4CCF8C83C} = {8DF2C3E8-CE1F-48CA-B5DE-329B62564A60}
		{DDA479D7-0488-4A50-A837-E05C45B973FD} = {A102DD95-E0BF-4667-B222-4E523507CB3F}
		{6ADDF2BB-FC8A-44F8-A8AB-BF29216A50DD} = {67255E23-08A9-4920-ACD2-01CB781D2952}
		{E55EFD37-74B5-493A-A03D-5066C20F2CD6} = {FEA85714-22C6-42A2-B0B3-E1BA28BEAC62}
		{A76E7BB3-EBC7-43ED-A5EB-73C42D787BBD} = {2249ADEA-0482-4AB3-A088-CAB72EF708D6}
		{34B24CFA-AA38-4A26-BAE0-9529DF92FF13} = {6BF4F1C0-82BB-4E59-BE2D-96F7319DD7F7}
		{1EB92D70-B594-43DE-8E7D-8309C37A1E94} = {6BF4F1C0-82BB-4E59-BE2D-96F7319DD7F7}
		{9CCDAF8E-52EF-4C30-8788-833507DB6938} = {6BF4F1C0-82BB-4E59-BE2D-96F7319DD7F7}
		{95F7B9D8-92D8-4BDE-879A-6C8E068E9EC8} = {6BF4F1C0-82BB-4E59-BE2D-96F7319DD7F7}
		{01E43CB0-3899-4464-94B9-8C9BEF6EF5D2} = {2249ADEA-0482-4AB3-A088-CAB72EF708D6}
		{9AF51E1C-9E12-4AAD-A91E-6740135B49D6} = {2249ADEA-0482-4AB3-A088-CAB72EF708D6}
		{2E3A98AA-CC8E-4714-99C3-681CCCA42687} = {055F8B2E-2EE7-404E-BF08-3982A25B42DB}
	EndGlobalSection
	GlobalSection(ExtensibilityGlobals) = postSolution
		SolutionGuid = {0B6F8CD0-546F-442D-ABCE-92EF6E3C1386}
	EndGlobalSection
EndGlobal
